
Microsoft Visual Studio Solution File, Format Version 12.00
# Visual Studio Version 17
VisualStudioVersion = 17.0.31903.59
MinimumVisualStudioVersion = 10.0.40219.1
Project("{FAE04EC0-301F-11D3-BF4B-00C04F79EFBC}") = "PosTech.TechChallenge.Contacts.Api", "PosTech.TechChallenge.Contacts\PosTech.TechChallenge.Contacts.Api.csproj", "{35644727-9FDE-4246-8969-7B8310A2FA8A}"
EndProject
Project("{FAE04EC0-301F-11D3-BF4B-00C04F79EFBC}") = "PosTech.TechChallenge.Contacts.Services", "PosTech.TechChallenge.Contacts.Services\PosTech.TechChallenge.Contacts.Services.csproj", "{DB7E4575-F260-41E8-99A9-A923465F6F05}"
EndProject
Project("{FAE04EC0-301F-11D3-BF4B-00C04F79EFBC}") = "PosTech.TechChallenge.Contacts.Domain", "PosTech.TechChallenge.Contacts.Domain\PosTech.TechChallenge.Contacts.Domain.csproj", "{D70EDAF3-8F9E-4928-B48C-AEB6BA298BAC}"
EndProject
Project("{FAE04EC0-301F-11D3-BF4B-00C04F79EFBC}") = "PosTech.TechChallenge.Contacts.Infra", "PosTech.TechChallenge.Contacts.Infra\PosTech.TechChallenge.Contacts.Infra.csproj", "{E3310945-BD78-4D7A-A0EA-99AD5D55916A}"
EndProject
Project("{FAE04EC0-301F-11D3-BF4B-00C04F79EFBC}") = "PosTech.TechChallenge.Contacts.Tests", "PosTech.TechChallenge.Contacts.Tests\PosTech.TechChallenge.Contacts.Tests.csproj", "{574471E6-883F-4597-B20A-BE5696E8C35B}"
EndProject
Global
	GlobalSection(SolutionConfigurationPlatforms) = preSolution
		Debug|Any CPU = Debug|Any CPU
		Release|Any CPU = Release|Any CPU
	EndGlobalSection
	GlobalSection(ProjectConfigurationPlatforms) = postSolution
		{35644727-9FDE-4246-8969-7B8310A2FA8A}.Debug|Any CPU.ActiveCfg = Debug|Any CPU
		{35644727-9FDE-4246-8969-7B8310A2FA8A}.Debug|Any CPU.Build.0 = Debug|Any CPU
		{35644727-9FDE-4246-8969-7B8310A2FA8A}.Release|Any CPU.ActiveCfg = Release|Any CPU
		{35644727-9FDE-4246-8969-7B8310A2FA8A}.Release|Any CPU.Build.0 = Release|Any CPU
		{DB7E4575-F260-41E8-99A9-A923465F6F05}.Debug|Any CPU.ActiveCfg = Debug|Any CPU
		{DB7E4575-F260-41E8-99A9-A923465F6F05}.Debug|Any CPU.Build.0 = Debug|Any CPU
		{DB7E4575-F260-41E8-99A9-A923465F6F05}.Release|Any CPU.ActiveCfg = Release|Any CPU
		{DB7E4575-F260-41E8-99A9-A923465F6F05}.Release|Any CPU.Build.0 = Release|Any CPU
		{D70EDAF3-8F9E-4928-B48C-AEB6BA298BAC}.Debug|Any CPU.ActiveCfg = Debug|Any CPU
		{D70EDAF3-8F9E-4928-B48C-AEB6BA298BAC}.Debug|Any CPU.Build.0 = Debug|Any CPU
		{D70EDAF3-8F9E-4928-B48C-AEB6BA298BAC}.Release|Any CPU.ActiveCfg = Release|Any CPU
		{D70EDAF3-8F9E-4928-B48C-AEB6BA298BAC}.Release|Any CPU.Build.0 = Release|Any CPU
		{E3310945-BD78-4D7A-A0EA-99AD5D55916A}.Debug|Any CPU.ActiveCfg = Debug|Any CPU
		{E3310945-BD78-4D7A-A0EA-99AD5D55916A}.Debug|Any CPU.Build.0 = Debug|Any CPU
		{E3310945-BD78-4D7A-A0EA-99AD5D55916A}.Release|Any CPU.ActiveCfg = Release|Any CPU
		{E3310945-BD78-4D7A-A0EA-99AD5D55916A}.Release|Any CPU.Build.0 = Release|Any CPU
		{574471E6-883F-4597-B20A-BE5696E8C35B}.Debug|Any CPU.ActiveCfg = Debug|Any CPU
		{574471E6-883F-4597-B20A-BE5696E8C35B}.Debug|Any CPU.Build.0 = Debug|Any CPU
		{574471E6-883F-4597-B20A-BE5696E8C35B}.Release|Any CPU.ActiveCfg = Release|Any CPU
		{574471E6-883F-4597-B20A-BE5696E8C35B}.Release|Any CPU.Build.0 = Release|Any CPU
	EndGlobalSection
	GlobalSection(SolutionProperties) = preSolution
		HideSolutionNode = FALSE
	EndGlobalSection
EndGlobal
