
Microsoft Visual Studio Solution File, Format Version 12.00
# Visual Studio Version 17
VisualStudioVersion = 17.0.31903.59
MinimumVisualStudioVersion = 10.0.40219.1
Project("{FAE04EC0-301F-11D3-BF4B-00C04F79EFBC}") = "PosTech.TechChallenge.Contacts.Command.Api", "PosTech.TechChallenge.Contacts.Command.Api\PosTech.TechChallenge.Contacts.Command.Api.csproj", "{6AC33884-A35B-4E67-8D12-9BCC89843956}"
EndProject
Project("{FAE04EC0-301F-11D3-BF4B-00C04F79EFBC}") = "PosTech.TechChallenge.Contacts.Command.Domain", "PosTech.TechChallenge.Contacts.Command.Domain\PosTech.TechChallenge.Contacts.Command.Domain.csproj", "{E9876A8B-9736-4127-8D7D-ECB9E4FF8C7A}"
EndProject
Project("{FAE04EC0-301F-11D3-BF4B-00C04F79EFBC}") = "PosTech.TechChallenge.Contacts.Command.Application", "PosTech.TechChallenge.Contacts.Command.Application\PosTech.TechChallenge.Contacts.Command.Application.csproj", "{DB7E4575-F260-41E8-99A9-A923465F6F05}"
EndProject
Project("{FAE04EC0-301F-11D3-BF4B-00C04F79EFBC}") = "PosTech.TechChallenge.Contacts.Command.Infra", "PosTech.TechChallenge.Contacts.Command.Infra\PosTech.TechChallenge.Contacts.Command.Infra.csproj", "{E3310945-BD78-4D7A-A0EA-99AD5D55916A}"
EndProject
Project("{FAE04EC0-301F-11D3-BF4B-00C04F79EFBC}") = "PosTech.TechChallenge.Contacts.Command.Tests", "PosTech.TechChallenge.Contacts.Command.Tests\PosTech.TechChallenge.Contacts.Command.Tests.csproj", "{574471E6-883F-4597-B20A-BE5696E8C35B}"
EndProject
Global
	GlobalSection(SolutionConfigurationPlatforms) = preSolution
		Debug|Any CPU = Debug|Any CPU
		Release|Any CPU = Release|Any CPU
	EndGlobalSection
	GlobalSection(ProjectConfigurationPlatforms) = postSolution
		{6AC33884-A35B-4E67-8D12-9BCC89843956}.Debug|Any CPU.ActiveCfg = Debug|Any CPU
		{6AC33884-A35B-4E67-8D12-9BCC89843956}.Debug|Any CPU.Build.0 = Debug|Any CPU
		{6AC33884-A35B-4E67-8D12-9BCC89843956}.Release|Any CPU.ActiveCfg = Release|Any CPU
		{6AC33884-A35B-4E67-8D12-9BCC89843956}.Release|Any CPU.Build.0 = Release|Any CPU
		{E9876A8B-9736-4127-8D7D-ECB9E4FF8C7A}.Debug|Any CPU.ActiveCfg = Debug|Any CPU
		{E9876A8B-9736-4127-8D7D-ECB9E4FF8C7A}.Debug|Any CPU.Build.0 = Debug|Any CPU
		{E9876A8B-9736-4127-8D7D-ECB9E4FF8C7A}.Release|Any CPU.ActiveCfg = Release|Any CPU
		{E9876A8B-9736-4127-8D7D-ECB9E4FF8C7A}.Release|Any CPU.Build.0 = Release|Any CPU
		{DB7E4575-F260-41E8-99A9-A923465F6F05}.Debug|Any CPU.ActiveCfg = Debug|Any CPU
		{DB7E4575-F260-41E8-99A9-A923465F6F05}.Debug|Any CPU.Build.0 = Debug|Any CPU
		{DB7E4575-F260-41E8-99A9-A923465F6F05}.Release|Any CPU.ActiveCfg = Release|Any CPU
		{DB7E4575-F260-41E8-99A9-A923465F6F05}.Release|Any CPU.Build.0 = Release|Any CPU
		{E3310945-BD78-4D7A-A0EA-99AD5D55916A}.Debug|Any CPU.ActiveCfg = Debug|Any CPU
		{E3310945-BD78-4D7A-A0EA-99AD5D55916A}.Debug|Any CPU.Build.0 = Debug|Any CPU
		{E3310945-BD78-4D7A-A0EA-99AD5D55916A}.Release|Any CPU.ActiveCfg = Release|Any CPU
		{E3310945-BD78-4D7A-A0EA-99AD5D55916A}.Release|Any CPU.Build.0 = Release|Any CPU
		{574471E6-883F-4597-B20A-BE5696E8C35B}.Debug|Any CPU.ActiveCfg = Debug|Any CPU
		{574471E6-883F-4597-B20A-BE5696E8C35B}.Debug|Any CPU.Build.0 = Debug|Any CPU
		{574471E6-883F-4597-B20A-BE5696E8C35B}.Release|Any CPU.ActiveCfg = Release|Any CPU
		{574471E6-883F-4597-B20A-BE5696E8C35B}.Release|Any CPU.Build.0 = Release|Any CPU
	EndGlobalSection
	GlobalSection(SolutionProperties) = preSolution
		HideSolutionNode = FALSE
	EndGlobalSection
EndGlobal
